// !$*UTF8*$!
{
	archiveVersion = 1;
	classes = {
	};
	objectVersion = 46;
	objects = {

/* Begin PBXBuildFile section */
		16427F7C17B6B6C8005EF2F7 /* UIKit.framework in Frameworks */ = {isa = PBXBuildFile; fileRef = 16427F7B17B6B6C8005EF2F7 /* UIKit.framework */; };
		16427F7E17B6B6C8005EF2F7 /* Foundation.framework in Frameworks */ = {isa = PBXBuildFile; fileRef = 16427F7D17B6B6C8005EF2F7 /* Foundation.framework */; };
		16427F8017B6B6C8005EF2F7 /* CoreGraphics.framework in Frameworks */ = {isa = PBXBuildFile; fileRef = 16427F7F17B6B6C8005EF2F7 /* CoreGraphics.framework */; };
		16427F8617B6B6C8005EF2F7 /* InfoPlist.strings in Resources */ = {isa = PBXBuildFile; fileRef = 16427F8417B6B6C8005EF2F7 /* InfoPlist.strings */; };
		16427F8817B6B6C8005EF2F7 /* main.m in Sources */ = {isa = PBXBuildFile; fileRef = 16427F8717B6B6C8005EF2F7 /* main.m */; };
		16427F8C17B6B6C8005EF2F7 /* AppDelegate.m in Sources */ = {isa = PBXBuildFile; fileRef = 16427F8B17B6B6C8005EF2F7 /* AppDelegate.m */; };
		16427F8E17B6B6C8005EF2F7 /* Default.png in Resources */ = {isa = PBXBuildFile; fileRef = 16427F8D17B6B6C8005EF2F7 /* Default.png */; };
		16427F9017B6B6C8005EF2F7 /* Default@2x.png in Resources */ = {isa = PBXBuildFile; fileRef = 16427F8F17B6B6C8005EF2F7 /* Default@2x.png */; };
		16427F9217B6B6C8005EF2F7 /* Default-568h@2x.png in Resources */ = {isa = PBXBuildFile; fileRef = 16427F9117B6B6C8005EF2F7 /* Default-568h@2x.png */; };
		16427FA517B6BAE5005EF2F7 /* MainViewController.m in Sources */ = {isa = PBXBuildFile; fileRef = 16427FA317B6BAE5005EF2F7 /* MainViewController.m */; };
		16427FA617B6BAE5005EF2F7 /* MainViewController.xib in Resources */ = {isa = PBXBuildFile; fileRef = 16427FA417B6BAE5005EF2F7 /* MainViewController.xib */; };
		16427FAB17B6D56C005EF2F7 /* MapViewController.m in Sources */ = {isa = PBXBuildFile; fileRef = 16427FA917B6D56C005EF2F7 /* MapViewController.m */; };
		16427FAC17B6D56C005EF2F7 /* MapViewController.xib in Resources */ = {isa = PBXBuildFile; fileRef = 16427FAA17B6D56C005EF2F7 /* MapViewController.xib */; };
		16427FAE17B6D838005EF2F7 /* MapKit.framework in Frameworks */ = {isa = PBXBuildFile; fileRef = 16427FAD17B6D838005EF2F7 /* MapKit.framework */; };
		16427FB017B6E526005EF2F7 /* CoreLocation.framework in Frameworks */ = {isa = PBXBuildFile; fileRef = 16427FAF17B6E526005EF2F7 /* CoreLocation.framework */; };
/* End PBXBuildFile section */

/* Begin PBXFileReference section */
		16427F7817B6B6C8005EF2F7 /* MapTest.app */ = {isa = PBXFileReference; explicitFileType = wrapper.application; includeInIndex = 0; path = MapTest.app; sourceTree = BUILT_PRODUCTS_DIR; };
		16427F7B17B6B6C8005EF2F7 /* UIKit.framework */ = {isa = PBXFileReference; lastKnownFileType = wrapper.framework; name = UIKit.framework; path = System/Library/Frameworks/UIKit.framework; sourceTree = SDKROOT; };
		16427F7D17B6B6C8005EF2F7 /* Foundation.framework */ = {isa = PBXFileReference; lastKnownFileType = wrapper.framework; name = Foundation.framework; path = System/Library/Frameworks/Foundation.framework; sourceTree = SDKROOT; };
		16427F7F17B6B6C8005EF2F7 /* CoreGraphics.framework */ = {isa = PBXFileReference; lastKnownFileType = wrapper.framework; name = CoreGraphics.framework; path = System/Library/Frameworks/CoreGraphics.framework; sourceTree = SDKROOT; };
		16427F8317B6B6C8005EF2F7 /* MapTest-Info.plist */ = {isa = PBXFileReference; lastKnownFileType = text.plist.xml; path = "MapTest-Info.plist"; sourceTree = "<group>"; };
		16427F8517B6B6C8005EF2F7 /* en */ = {isa = PBXFileReference; lastKnownFileType = text.plist.strings; name = en; path = en.lproj/InfoPlist.strings; sourceTree = "<group>"; };
		16427F8717B6B6C8005EF2F7 /* main.m */ = {isa = PBXFileReference; lastKnownFileType = sourcecode.c.objc; path = main.m; sourceTree = "<group>"; };
		16427F8917B6B6C8005EF2F7 /* MapTest-Prefix.pch */ = {isa = PBXFileReference; lastKnownFileType = sourcecode.c.h; path = "MapTest-Prefix.pch"; sourceTree = "<group>"; };
		16427F8A17B6B6C8005EF2F7 /* AppDelegate.h */ = {isa = PBXFileReference; lastKnownFileType = sourcecode.c.h; path = AppDelegate.h; sourceTree = "<group>"; };
		16427F8B17B6B6C8005EF2F7 /* AppDelegate.m */ = {isa = PBXFileReference; lastKnownFileType = sourcecode.c.objc; path = AppDelegate.m; sourceTree = "<group>"; };
		16427F8D17B6B6C8005EF2F7 /* Default.png */ = {isa = PBXFileReference; lastKnownFileType = image.png; path = Default.png; sourceTree = "<group>"; };
		16427F8F17B6B6C8005EF2F7 /* Default@2x.png */ = {isa = PBXFileReference; lastKnownFileType = image.png; path = "Default@2x.png"; sourceTree = "<group>"; };
		16427F9117B6B6C8005EF2F7 /* Default-568h@2x.png */ = {isa = PBXFileReference; lastKnownFileType = image.png; path = "Default-568h@2x.png"; sourceTree = "<group>"; };
		16427FA217B6BAE5005EF2F7 /* MainViewController.h */ = {isa = PBXFileReference; fileEncoding = 4; lastKnownFileType = sourcecode.c.h; path = MainViewController.h; sourceTree = "<group>"; };
		16427FA317B6BAE5005EF2F7 /* MainViewController.m */ = {isa = PBXFileReference; fileEncoding = 4; lastKnownFileType = sourcecode.c.objc; path = MainViewController.m; sourceTree = "<group>"; };
		16427FA417B6BAE5005EF2F7 /* MainViewController.xib */ = {isa = PBXFileReference; fileEncoding = 4; lastKnownFileType = file.xib; path = MainViewController.xib; sourceTree = "<group>"; };
		16427FA817B6D56C005EF2F7 /* MapViewController.h */ = {isa = PBXFileReference; fileEncoding = 4; lastKnownFileType = sourcecode.c.h; path = MapViewController.h; sourceTree = "<group>"; };
		16427FA917B6D56C005EF2F7 /* MapViewController.m */ = {isa = PBXFileReference; fileEncoding = 4; lastKnownFileType = sourcecode.c.objc; path = MapViewController.m; sourceTree = "<group>"; };
		16427FAA17B6D56C005EF2F7 /* MapViewController.xib */ = {isa = PBXFileReference; fileEncoding = 4; lastKnownFileType = file.xib; path = MapViewController.xib; sourceTree = "<group>"; };
		16427FAD17B6D838005EF2F7 /* MapKit.framework */ = {isa = PBXFileReference; lastKnownFileType = wrapper.framework; name = MapKit.framework; path = System/Library/Frameworks/MapKit.framework; sourceTree = SDKROOT; };
		16427FAF17B6E526005EF2F7 /* CoreLocation.framework */ = {isa = PBXFileReference; lastKnownFileType = wrapper.framework; name = CoreLocation.framework; path = System/Library/Frameworks/CoreLocation.framework; sourceTree = SDKROOT; };
/* End PBXFileReference section */

/* Begin PBXFrameworksBuildPhase section */
		16427F7517B6B6C8005EF2F7 /* Frameworks */ = {
			isa = PBXFrameworksBuildPhase;
			buildActionMask = 2147483647;
			files = (
				16427FB017B6E526005EF2F7 /* CoreLocation.framework in Frameworks */,
				16427F8017B6B6C8005EF2F7 /* CoreGraphics.framework in Frameworks */,
				16427FAE17B6D838005EF2F7 /* MapKit.framework in Frameworks */,
				16427F7C17B6B6C8005EF2F7 /* UIKit.framework in Frameworks */,
				16427F7E17B6B6C8005EF2F7 /* Foundation.framework in Frameworks */,
			);
			runOnlyForDeploymentPostprocessing = 0;
		};
/* End PBXFrameworksBuildPhase section */

/* Begin PBXGroup section */
		16427F6F17B6B6C8005EF2F7 = {
			isa = PBXGroup;
			children = (
				16427F8117B6B6C8005EF2F7 /* MapTest */,
				16427F7A17B6B6C8005EF2F7 /* Frameworks */,
				16427F7917B6B6C8005EF2F7 /* Products */,
			);
			sourceTree = "<group>";
		};
		16427F7917B6B6C8005EF2F7 /* Products */ = {
			isa = PBXGroup;
			children = (
				16427F7817B6B6C8005EF2F7 /* MapTest.app */,
			);
			name = Products;
			sourceTree = "<group>";
		};
		16427F7A17B6B6C8005EF2F7 /* Frameworks */ = {
			isa = PBXGroup;
			children = (
				16427FAF17B6E526005EF2F7 /* CoreLocation.framework */,
				16427FAD17B6D838005EF2F7 /* MapKit.framework */,
				16427F7B17B6B6C8005EF2F7 /* UIKit.framework */,
				16427F7D17B6B6C8005EF2F7 /* Foundation.framework */,
				16427F7F17B6B6C8005EF2F7 /* CoreGraphics.framework */,
			);
			name = Frameworks;
			sourceTree = "<group>";
		};
		16427F8117B6B6C8005EF2F7 /* MapTest */ = {
			isa = PBXGroup;
			children = (
				16427FA117B6B994005EF2F7 /* Singletons */,
				16427FA017B6B985005EF2F7 /* Helpers */,
				16427F9F17B6B965005EF2F7 /* Models + Data */,
				16427F9E17B6B95F005EF2F7 /* Constants */,
				16427F9D17B6B958005EF2F7 /* Controllers */,
				16427FA717B6BB1B005EF2F7 /* Interface */,
				16427F8A17B6B6C8005EF2F7 /* AppDelegate.h */,
				16427F8B17B6B6C8005EF2F7 /* AppDelegate.m */,
				16427F8217B6B6C8005EF2F7 /* Supporting Files */,
			);
			path = MapTest;
			sourceTree = "<group>";
		};
		16427F8217B6B6C8005EF2F7 /* Supporting Files */ = {
			isa = PBXGroup;
			children = (
				16427F8317B6B6C8005EF2F7 /* MapTest-Info.plist */,
				16427F8417B6B6C8005EF2F7 /* InfoPlist.strings */,
				16427F8717B6B6C8005EF2F7 /* main.m */,
				16427F8917B6B6C8005EF2F7 /* MapTest-Prefix.pch */,
				16427F8D17B6B6C8005EF2F7 /* Default.png */,
				16427F8F17B6B6C8005EF2F7 /* Default@2x.png */,
				16427F9117B6B6C8005EF2F7 /* Default-568h@2x.png */,
			);
			name = "Supporting Files";
			sourceTree = "<group>";
		};
		16427F9D17B6B958005EF2F7 /* Controllers */ = {
			isa = PBXGroup;
			children = (
				16427FA217B6BAE5005EF2F7 /* MainViewController.h */,
				16427FA317B6BAE5005EF2F7 /* MainViewController.m */,
				16427FA817B6D56C005EF2F7 /* MapViewController.h */,
				16427FA917B6D56C005EF2F7 /* MapViewController.m */,
			);
			name = Controllers;
			sourceTree = "<group>";
		};
		16427F9E17B6B95F005EF2F7 /* Constants */ = {
			isa = PBXGroup;
			children = (
			);
			name = Constants;
			sourceTree = "<group>";
		};
		16427F9F17B6B965005EF2F7 /* Models + Data */ = {
			isa = PBXGroup;
			children = (
			);
			name = "Models + Data";
			sourceTree = "<group>";
		};
		16427FA017B6B985005EF2F7 /* Helpers */ = {
			isa = PBXGroup;
			children = (
			);
			name = Helpers;
			sourceTree = "<group>";
		};
		16427FA117B6B994005EF2F7 /* Singletons */ = {
			isa = PBXGroup;
			children = (
			);
			name = Singletons;
			sourceTree = "<group>";
		};
		16427FA717B6BB1B005EF2F7 /* Interface */ = {
			isa = PBXGroup;
			children = (
				16427FAA17B6D56C005EF2F7 /* MapViewController.xib */,
				16427FA417B6BAE5005EF2F7 /* MainViewController.xib */,
			);
			name = Interface;
			sourceTree = "<group>";
		};
/* End PBXGroup section */

/* Begin PBXNativeTarget section */
		16427F7717B6B6C8005EF2F7 /* MapTest */ = {
			isa = PBXNativeTarget;
			buildConfigurationList = 16427F9517B6B6C8005EF2F7 /* Build configuration list for PBXNativeTarget "MapTest" */;
			buildPhases = (
				16427F7417B6B6C8005EF2F7 /* Sources */,
				16427F7517B6B6C8005EF2F7 /* Frameworks */,
				16427F7617B6B6C8005EF2F7 /* Resources */,
			);
			buildRules = (
			);
			dependencies = (
			);
			name = MapTest;
			productName = MapTest;
			productReference = 16427F7817B6B6C8005EF2F7 /* MapTest.app */;
			productType = "com.apple.product-type.application";
		};
/* End PBXNativeTarget section */

/* Begin PBXProject section */
		16427F7017B6B6C8005EF2F7 /* Project object */ = {
			isa = PBXProject;
			attributes = {
				LastUpgradeCheck = 0460;
				ORGANIZATIONNAME = "Axel Rivera";
			};
			buildConfigurationList = 16427F7317B6B6C8005EF2F7 /* Build configuration list for PBXProject "MapTest" */;
			compatibilityVersion = "Xcode 3.2";
			developmentRegion = English;
			hasScannedForEncodings = 0;
			knownRegions = (
				en,
			);
			mainGroup = 16427F6F17B6B6C8005EF2F7;
			productRefGroup = 16427F7917B6B6C8005EF2F7 /* Products */;
			projectDirPath = "";
			projectRoot = "";
			targets = (
				16427F7717B6B6C8005EF2F7 /* MapTest */,
			);
		};
/* End PBXProject section */

/* Begin PBXResourcesBuildPhase section */
		16427F7617B6B6C8005EF2F7 /* Resources */ = {
			isa = PBXResourcesBuildPhase;
			buildActionMask = 2147483647;
			files = (
				16427F8617B6B6C8005EF2F7 /* InfoPlist.strings in Resources */,
				16427F8E17B6B6C8005EF2F7 /* Default.png in Resources */,
				16427F9017B6B6C8005EF2F7 /* Default@2x.png in Resources */,
				16427F9217B6B6C8005EF2F7 /* Default-568h@2x.png in Resources */,
				16427FA617B6BAE5005EF2F7 /* MainViewController.xib in Resources */,
				16427FAC17B6D56C005EF2F7 /* MapViewController.xib in Resources */,
			);
			runOnlyForDeploymentPostprocessing = 0;
		};
/* End PBXResourcesBuildPhase section */

/* Begin PBXSourcesBuildPhase section */
		16427F7417B6B6C8005EF2F7 /* Sources */ = {
			isa = PBXSourcesBuildPhase;
			buildActionMask = 2147483647;
			files = (
				16427F8817B6B6C8005EF2F7 /* main.m in Sources */,
				16427F8C17B6B6C8005EF2F7 /* AppDelegate.m in Sources */,
				16427FA517B6BAE5005EF2F7 /* MainViewController.m in Sources */,
				16427FAB17B6D56C005EF2F7 /* MapViewController.m in Sources */,
			);
			runOnlyForDeploymentPostprocessing = 0;
		};
/* End PBXSourcesBuildPhase section */

/* Begin PBXVariantGroup section */
		16427F8417B6B6C8005EF2F7 /* InfoPlist.strings */ = {
			isa = PBXVariantGroup;
			children = (
				16427F8517B6B6C8005EF2F7 /* en */,
			);
			name = InfoPlist.strings;
			sourceTree = "<group>";
		};
/* End PBXVariantGroup section */

/* Begin XCBuildConfiguration section */
		16427F9317B6B6C8005EF2F7 /* Debug */ = {
			isa = XCBuildConfiguration;
			buildSettings = {
				ALWAYS_SEARCH_USER_PATHS = NO;
				CLANG_CXX_LANGUAGE_STANDARD = "gnu++0x";
				CLANG_CXX_LIBRARY = "libc++";
				CLANG_ENABLE_OBJC_ARC = YES;
				CLANG_WARN_CONSTANT_CONVERSION = YES;
				CLANG_WARN_EMPTY_BODY = YES;
				CLANG_WARN_ENUM_CONVERSION = YES;
				CLANG_WARN_INT_CONVERSION = YES;
				CLANG_WARN__DUPLICATE_METHOD_MATCH = YES;
				"CODE_SIGN_IDENTITY[sdk=iphoneos*]" = "iPhone Developer";
				COPY_PHASE_STRIP = NO;
				GCC_C_LANGUAGE_STANDARD = gnu99;
				GCC_DYNAMIC_NO_PIC = NO;
				GCC_OPTIMIZATION_LEVEL = 0;
				GCC_PREPROCESSOR_DEFINITIONS = (
					"DEBUG=1",
					"$(inherited)",
				);
				GCC_SYMBOLS_PRIVATE_EXTERN = NO;
				GCC_WARN_ABOUT_RETURN_TYPE = YES;
				GCC_WARN_UNINITIALIZED_AUTOS = YES;
				GCC_WARN_UNUSED_VARIABLE = YES;
				IPHONEOS_DEPLOYMENT_TARGET = 6.1;
				ONLY_ACTIVE_ARCH = YES;
				SDKROOT = iphoneos;
			};
			name = Debug;
		};
		16427F9417B6B6C8005EF2F7 /* Release */ = {
			isa = XCBuildConfiguration;
			buildSettings = {
				ALWAYS_SEARCH_USER_PATHS = NO;
				CLANG_CXX_LANGUAGE_STANDARD = "gnu++0x";
				CLANG_CXX_LIBRARY = "libc++";
				CLANG_ENABLE_OBJC_ARC = YES;
				CLANG_WARN_CONSTANT_CONVERSION = YES;
				CLANG_WARN_EMPTY_BODY = YES;
				CLANG_WARN_ENUM_CONVERSION = YES;
				CLANG_WARN_INT_CONVERSION = YES;
				CLANG_WARN__DUPLICATE_METHOD_MATCH = YES;
				"CODE_SIGN_IDENTITY[sdk=iphoneos*]" = "iPhone Developer";
				COPY_PHASE_STRIP = YES;
				GCC_C_LANGUAGE_STANDARD = gnu99;
				GCC_WARN_ABOUT_RETURN_TYPE = YES;
				GCC_WARN_UNINITIALIZED_AUTOS = YES;
				GCC_WARN_UNUSED_VARIABLE = YES;
				IPHONEOS_DEPLOYMENT_TARGET = 6.1;
				OTHER_CFLAGS = "-DNS_BLOCK_ASSERTIONS=1";
				SDKROOT = iphoneos;
				VALIDATE_PRODUCT = YES;
			};
			name = Release;
		};
		16427F9617B6B6C8005EF2F7 /* Debug */ = {
			isa = XCBuildConfiguration;
			buildSettings = {
				GCC_PRECOMPILE_PREFIX_HEADER = YES;
				GCC_PREFIX_HEADER = "MapTest/MapTest-Prefix.pch";
				INFOPLIST_FILE = "MapTest/MapTest-Info.plist";
				PRODUCT_NAME = "$(TARGET_NAME)";
				WRAPPER_EXTENSION = app;
			};
			name = Debug;
		};
		16427F9717B6B6C8005EF2F7 /* Release */ = {
			isa = XCBuildConfiguration;
			buildSettings = {
				GCC_PRECOMPILE_PREFIX_HEADER = YES;
				GCC_PREFIX_HEADER = "MapTest/MapTest-Prefix.pch";
				INFOPLIST_FILE = "MapTest/MapTest-Info.plist";
				PRODUCT_NAME = "$(TARGET_NAME)";
				WRAPPER_EXTENSION = app;
			};
			name = Release;
		};
/* End XCBuildConfiguration section */

/* Begin XCConfigurationList section */
		16427F7317B6B6C8005EF2F7 /* Build configuration list for PBXProject "MapTest" */ = {
			isa = XCConfigurationList;
			buildConfigurations = (
				16427F9317B6B6C8005EF2F7 /* Debug */,
				16427F9417B6B6C8005EF2F7 /* Release */,
			);
			defaultConfigurationIsVisible = 0;
			defaultConfigurationName = Release;
		};
		16427F9517B6B6C8005EF2F7 /* Build configuration list for PBXNativeTarget "MapTest" */ = {
			isa = XCConfigurationList;
			buildConfigurations = (
				16427F9617B6B6C8005EF2F7 /* Debug */,
				16427F9717B6B6C8005EF2F7 /* Release */,
			);
			defaultConfigurationIsVisible = 0;
		};
/* End XCConfigurationList section */
	};
	rootObject = 16427F7017B6B6C8005EF2F7 /* Project object */;
}
